
Microsoft Visual Studio Solution File, Format Version 12.00
# Visual Studio 15
VisualStudioVersion = 15.0.28307.438
MinimumVisualStudioVersion = 10.0.40219.1
Project("{FAE04EC0-301F-11D3-BF4B-00C04F79EFBC}") = "TwitterHydrator", "TwitterHydrator\TwitterHydrator.csproj", "{0A48F312-F667-42D9-9771-D5622A83EA3B}"
EndProject
Project("{FAE04EC0-301F-11D3-BF4B-00C04F79EFBC}") = "Twitter", "Twitter\Twitter.csproj", "{ED4CC4BB-C70C-4C7B-8D5B-4C9C7644BD71}"
EndProject
Global
	GlobalSection(SolutionConfigurationPlatforms) = preSolution
		Debug|Any CPU = Debug|Any CPU
		Release|Any CPU = Release|Any CPU
	EndGlobalSection
	GlobalSection(ProjectConfigurationPlatforms) = postSolution
		{0A48F312-F667-42D9-9771-D5622A83EA3B}.Debug|Any CPU.ActiveCfg = Debug|Any CPU
		{0A48F312-F667-42D9-9771-D5622A83EA3B}.Debug|Any CPU.Build.0 = Debug|Any CPU
		{0A48F312-F667-42D9-9771-D5622A83EA3B}.Release|Any CPU.ActiveCfg = Release|Any CPU
		{0A48F312-F667-42D9-9771-D5622A83EA3B}.Release|Any CPU.Build.0 = Release|Any CPU
		{ED4CC4BB-C70C-4C7B-8D5B-4C9C7644BD71}.Debug|Any CPU.ActiveCfg = Debug|Any CPU
		{ED4CC4BB-C70C-4C7B-8D5B-4C9C7644BD71}.Debug|Any CPU.Build.0 = Debug|Any CPU
		{ED4CC4BB-C70C-4C7B-8D5B-4C9C7644BD71}.Release|Any CPU.ActiveCfg = Release|Any CPU
		{ED4CC4BB-C70C-4C7B-8D5B-4C9C7644BD71}.Release|Any CPU.Build.0 = Release|Any CPU
	EndGlobalSection
	GlobalSection(SolutionProperties) = preSolution
		HideSolutionNode = FALSE
	EndGlobalSection
	GlobalSection(ExtensibilityGlobals) = postSolution
		SolutionGuid = {5C98DA4A-6593-45C4-83B3-FEA0AB576884}
	EndGlobalSection
EndGlobal
